// !$*UTF8*$!
{
	archiveVersion = 1;
	classes = {
	};
	objectVersion = 46;
	objects = {

/* Begin PBXBuildFile section */
		4F0691EC1EDD519D00954AED /* AppDelegate.swift in Sources */ = {isa = PBXBuildFile; fileRef = 4F0691EB1EDD519D00954AED /* AppDelegate.swift */; };
		4F0691EE1EDD519D00954AED /* MealViewController.swift in Sources */ = {isa = PBXBuildFile; fileRef = 4F0691ED1EDD519D00954AED /* MealViewController.swift */; };
		4F0691F11EDD519D00954AED /* Main.storyboard in Resources */ = {isa = PBXBuildFile; fileRef = 4F0691EF1EDD519D00954AED /* Main.storyboard */; };
		4F0691F31EDD519D00954AED /* Assets.xcassets in Resources */ = {isa = PBXBuildFile; fileRef = 4F0691F21EDD519D00954AED /* Assets.xcassets */; };
		4F0691F61EDD519D00954AED /* LaunchScreen.storyboard in Resources */ = {isa = PBXBuildFile; fileRef = 4F0691F41EDD519D00954AED /* LaunchScreen.storyboard */; };
		4F0692011EDD519D00954AED /* FoodTrackerTests.swift in Sources */ = {isa = PBXBuildFile; fileRef = 4F0692001EDD519D00954AED /* FoodTrackerTests.swift */; };
		4F06920C1EDD83B300954AED /* Images in Resources */ = {isa = PBXBuildFile; fileRef = 4F06920B1EDD83B300954AED /* Images */; };
		4F06920E1EDD9BB700954AED /* RatingControl.swift in Sources */ = {isa = PBXBuildFile; fileRef = 4F06920D1EDD9BB700954AED /* RatingControl.swift */; };
		4F4EC11B1EDEB1770020556F /* Meal.swift in Sources */ = {isa = PBXBuildFile; fileRef = 4F4EC11A1EDEB1770020556F /* Meal.swift */; };
		4F4EC11D1EDEBA2E0020556F /* MealTableViewCell.swift in Sources */ = {isa = PBXBuildFile; fileRef = 4F4EC11C1EDEBA2E0020556F /* MealTableViewCell.swift */; };
		4F4EC11F1EDEC2BD0020556F /* MealTableViewController.swift in Sources */ = {isa = PBXBuildFile; fileRef = 4F4EC11E1EDEC2BD0020556F /* MealTableViewController.swift */; };
/* End PBXBuildFile section */

/* Begin PBXContainerItemProxy section */
		4F0691FD1EDD519D00954AED /* PBXContainerItemProxy */ = {
			isa = PBXContainerItemProxy;
			containerPortal = 4F0691E01EDD519D00954AED /* Project object */;
			proxyType = 1;
			remoteGlobalIDString = 4F0691E71EDD519D00954AED;
			remoteInfo = FoodTracker;
		};
/* End PBXContainerItemProxy section */

/* Begin PBXFileReference section */
		4F0691E81EDD519D00954AED /* FoodTracker.app */ = {isa = PBXFileReference; explicitFileType = wrapper.application; includeInIndex = 0; path = FoodTracker.app; sourceTree = BUILT_PRODUCTS_DIR; };
		4F0691EB1EDD519D00954AED /* AppDelegate.swift */ = {isa = PBXFileReference; lastKnownFileType = sourcecode.swift; path = AppDelegate.swift; sourceTree = "<group>"; };
		4F0691ED1EDD519D00954AED /* MealViewController.swift */ = {isa = PBXFileReference; lastKnownFileType = sourcecode.swift; path = MealViewController.swift; sourceTree = "<group>"; };
		4F0691F01EDD519D00954AED /* Base */ = {isa = PBXFileReference; lastKnownFileType = file.storyboard; name = Base; path = Base.lproj/Main.storyboard; sourceTree = "<group>"; };
		4F0691F21EDD519D00954AED /* Assets.xcassets */ = {isa = PBXFileReference; lastKnownFileType = folder.assetcatalog; path = Assets.xcassets; sourceTree = "<group>"; };
		4F0691F51EDD519D00954AED /* Base */ = {isa = PBXFileReference; lastKnownFileType = file.storyboard; name = Base; path = Base.lproj/LaunchScreen.storyboard; sourceTree = "<group>"; };
		4F0691F71EDD519D00954AED /* Info.plist */ = {isa = PBXFileReference; lastKnownFileType = text.plist.xml; path = Info.plist; sourceTree = "<group>"; };
		4F0691FC1EDD519D00954AED /* FoodTrackerTests.xctest */ = {isa = PBXFileReference; explicitFileType = wrapper.cfbundle; includeInIndex = 0; path = FoodTrackerTests.xctest; sourceTree = BUILT_PRODUCTS_DIR; };
		4F0692001EDD519D00954AED /* FoodTrackerTests.swift */ = {isa = PBXFileReference; lastKnownFileType = sourcecode.swift; path = FoodTrackerTests.swift; sourceTree = "<group>"; };
		4F0692021EDD519D00954AED /* Info.plist */ = {isa = PBXFileReference; lastKnownFileType = text.plist.xml; path = Info.plist; sourceTree = "<group>"; };
		4F06920B1EDD83B300954AED /* Images */ = {isa = PBXFileReference; lastKnownFileType = folder; name = Images; path = ../Images; sourceTree = "<group>"; };
		4F06920D1EDD9BB700954AED /* RatingControl.swift */ = {isa = PBXFileReference; fileEncoding = 4; lastKnownFileType = sourcecode.swift; path = RatingControl.swift; sourceTree = "<group>"; };
		4F4EC11A1EDEB1770020556F /* Meal.swift */ = {isa = PBXFileReference; fileEncoding = 4; lastKnownFileType = sourcecode.swift; path = Meal.swift; sourceTree = "<group>"; };
		4F4EC11C1EDEBA2E0020556F /* MealTableViewCell.swift */ = {isa = PBXFileReference; fileEncoding = 4; lastKnownFileType = sourcecode.swift; path = MealTableViewCell.swift; sourceTree = "<group>"; };
		4F4EC11E1EDEC2BD0020556F /* MealTableViewController.swift */ = {isa = PBXFileReference; fileEncoding = 4; lastKnownFileType = sourcecode.swift; path = MealTableViewController.swift; sourceTree = "<group>"; };
/* End PBXFileReference section */

/* Begin PBXFrameworksBuildPhase section */
		4F0691E51EDD519D00954AED /* Frameworks */ = {
			isa = PBXFrameworksBuildPhase;
			buildActionMask = 2147483647;
			files = (
			);
			runOnlyForDeploymentPostprocessing = 0;
		};
		4F0691F91EDD519D00954AED /* Frameworks */ = {
			isa = PBXFrameworksBuildPhase;
			buildActionMask = 2147483647;
			files = (
			);
			runOnlyForDeploymentPostprocessing = 0;
		};
/* End PBXFrameworksBuildPhase section */

/* Begin PBXGroup section */
		4F0691DF1EDD519D00954AED = {
			isa = PBXGroup;
			children = (
				4F0691EA1EDD519D00954AED /* FoodTracker */,
				4F0691FF1EDD519D00954AED /* FoodTrackerTests */,
				4F0691E91EDD519D00954AED /* Products */,
			);
			sourceTree = "<group>";
		};
		4F0691E91EDD519D00954AED /* Products */ = {
			isa = PBXGroup;
			children = (
				4F0691E81EDD519D00954AED /* FoodTracker.app */,
				4F0691FC1EDD519D00954AED /* FoodTrackerTests.xctest */,
			);
			name = Products;
			sourceTree = "<group>";
		};
		4F0691EA1EDD519D00954AED /* FoodTracker */ = {
			isa = PBXGroup;
			children = (
				4F06920B1EDD83B300954AED /* Images */,
				4F0691EB1EDD519D00954AED /* AppDelegate.swift */,
				4F0691ED1EDD519D00954AED /* MealViewController.swift */,
				4F4EC11A1EDEB1770020556F /* Meal.swift */,
				4F0691EF1EDD519D00954AED /* Main.storyboard */,
				4F0691F21EDD519D00954AED /* Assets.xcassets */,
				4F0691F41EDD519D00954AED /* LaunchScreen.storyboard */,
				4F0691F71EDD519D00954AED /* Info.plist */,
				4F06920D1EDD9BB700954AED /* RatingControl.swift */,
				4F4EC11C1EDEBA2E0020556F /* MealTableViewCell.swift */,
				4F4EC11E1EDEC2BD0020556F /* MealTableViewController.swift */,
			);
			path = FoodTracker;
			sourceTree = "<group>";
		};
		4F0691FF1EDD519D00954AED /* FoodTrackerTests */ = {
			isa = PBXGroup;
			children = (
				4F0692001EDD519D00954AED /* FoodTrackerTests.swift */,
				4F0692021EDD519D00954AED /* Info.plist */,
			);
			path = FoodTrackerTests;
			sourceTree = "<group>";
		};
/* End PBXGroup section */

/* Begin PBXNativeTarget section */
		4F0691E71EDD519D00954AED /* FoodTracker */ = {
			isa = PBXNativeTarget;
			buildConfigurationList = 4F0692051EDD519D00954AED /* Build configuration list for PBXNativeTarget "FoodTracker" */;
			buildPhases = (
				4F0691E41EDD519D00954AED /* Sources */,
				4F0691E51EDD519D00954AED /* Frameworks */,
				4F0691E61EDD519D00954AED /* Resources */,
			);
			buildRules = (
			);
			dependencies = (
			);
			name = FoodTracker;
			productName = FoodTracker;
			productReference = 4F0691E81EDD519D00954AED /* FoodTracker.app */;
			productType = "com.apple.product-type.application";
		};
		4F0691FB1EDD519D00954AED /* FoodTrackerTests */ = {
			isa = PBXNativeTarget;
			buildConfigurationList = 4F0692081EDD519D00954AED /* Build configuration list for PBXNativeTarget "FoodTrackerTests" */;
			buildPhases = (
				4F0691F81EDD519D00954AED /* Sources */,
				4F0691F91EDD519D00954AED /* Frameworks */,
				4F0691FA1EDD519D00954AED /* Resources */,
			);
			buildRules = (
			);
			dependencies = (
				4F0691FE1EDD519D00954AED /* PBXTargetDependency */,
			);
			name = FoodTrackerTests;
			productName = FoodTrackerTests;
			productReference = 4F0691FC1EDD519D00954AED /* FoodTrackerTests.xctest */;
			productType = "com.apple.product-type.bundle.unit-test";
		};
/* End PBXNativeTarget section */

/* Begin PBXProject section */
		4F0691E01EDD519D00954AED /* Project object */ = {
			isa = PBXProject;
			attributes = {
				LastSwiftUpdateCheck = 0830;
				LastUpgradeCheck = 0830;
				ORGANIZATIONNAME = "Jacky's Code Factory";
				TargetAttributes = {
					4F0691E71EDD519D00954AED = {
						CreatedOnToolsVersion = 8.3.2;
						DevelopmentTeam = 97K67M84B8;
						ProvisioningStyle = Automatic;
					};
					4F0691FB1EDD519D00954AED = {
						CreatedOnToolsVersion = 8.3.2;
						DevelopmentTeam = 97K67M84B8;
						ProvisioningStyle = Automatic;
						TestTargetID = 4F0691E71EDD519D00954AED;
					};
				};
			};
			buildConfigurationList = 4F0691E31EDD519D00954AED /* Build configuration list for PBXProject "FoodTracker" */;
			compatibilityVersion = "Xcode 3.2";
			developmentRegion = English;
			hasScannedForEncodings = 0;
			knownRegions = (
				en,
				Base,
			);
			mainGroup = 4F0691DF1EDD519D00954AED;
			productRefGroup = 4F0691E91EDD519D00954AED /* Products */;
			projectDirPath = "";
			projectRoot = "";
			targets = (
				4F0691E71EDD519D00954AED /* FoodTracker */,
				4F0691FB1EDD519D00954AED /* FoodTrackerTests */,
			);
		};
/* End PBXProject section */

/* Begin PBXResourcesBuildPhase section */
		4F0691E61EDD519D00954AED /* Resources */ = {
			isa = PBXResourcesBuildPhase;
			buildActionMask = 2147483647;
			files = (
				4F06920C1EDD83B300954AED /* Images in Resources */,
				4F0691F61EDD519D00954AED /* LaunchScreen.storyboard in Resources */,
				4F0691F31EDD519D00954AED /* Assets.xcassets in Resources */,
				4F0691F11EDD519D00954AED /* Main.storyboard in Resources */,
			);
			runOnlyForDeploymentPostprocessing = 0;
		};
		4F0691FA1EDD519D00954AED /* Resources */ = {
			isa = PBXResourcesBuildPhase;
			buildActionMask = 2147483647;
			files = (
			);
			runOnlyForDeploymentPostprocessing = 0;
		};
/* End PBXResourcesBuildPhase section */

/* Begin PBXSourcesBuildPhase section */
		4F0691E41EDD519D00954AED /* Sources */ = {
			isa = PBXSourcesBuildPhase;
			buildActionMask = 2147483647;
			files = (
				4F4EC11B1EDEB1770020556F /* Meal.swift in Sources */,
				4F0691EE1EDD519D00954AED /* MealViewController.swift in Sources */,
				4F06920E1EDD9BB700954AED /* RatingControl.swift in Sources */,
				4F0691EC1EDD519D00954AED /* AppDelegate.swift in Sources */,
				4F4EC11F1EDEC2BD0020556F /* MealTableViewController.swift in Sources */,
				4F4EC11D1EDEBA2E0020556F /* MealTableViewCell.swift in Sources */,
			);
			runOnlyForDeploymentPostprocessing = 0;
		};
		4F0691F81EDD519D00954AED /* Sources */ = {
			isa = PBXSourcesBuildPhase;
			buildActionMask = 2147483647;
			files = (
				4F0692011EDD519D00954AED /* FoodTrackerTests.swift in Sources */,
			);
			runOnlyForDeploymentPostprocessing = 0;
		};
/* End PBXSourcesBuildPhase section */

/* Begin PBXTargetDependency section */
		4F0691FE1EDD519D00954AED /* PBXTargetDependency */ = {
			isa = PBXTargetDependency;
			target = 4F0691E71EDD519D00954AED /* FoodTracker */;
			targetProxy = 4F0691FD1EDD519D00954AED /* PBXContainerItemProxy */;
		};
/* End PBXTargetDependency section */

/* Begin PBXVariantGroup section */
		4F0691EF1EDD519D00954AED /* Main.storyboard */ = {
			isa = PBXVariantGroup;
			children = (
				4F0691F01EDD519D00954AED /* Base */,
			);
			name = Main.storyboard;
			sourceTree = "<group>";
		};
		4F0691F41EDD519D00954AED /* LaunchScreen.storyboard */ = {
			isa = PBXVariantGroup;
			children = (
				4F0691F51EDD519D00954AED /* Base */,
			);
			name = LaunchScreen.storyboard;
			sourceTree = "<group>";
		};
/* End PBXVariantGroup section */

/* Begin XCBuildConfiguration section */
		4F0692031EDD519D00954AED /* Debug */ = {
			isa = XCBuildConfiguration;
			buildSettings = {
				ALWAYS_SEARCH_USER_PATHS = NO;
				CLANG_ANALYZER_NONNULL = YES;
				CLANG_ANALYZER_NUMBER_OBJECT_CONVERSION = YES_AGGRESSIVE;
				CLANG_CXX_LANGUAGE_STANDARD = "gnu++0x";
				CLANG_CXX_LIBRARY = "libc++";
				CLANG_ENABLE_MODULES = YES;
				CLANG_ENABLE_OBJC_ARC = YES;
				CLANG_WARN_BOOL_CONVERSION = YES;
				CLANG_WARN_CONSTANT_CONVERSION = YES;
				CLANG_WARN_DIRECT_OBJC_ISA_USAGE = YES_ERROR;
				CLANG_WARN_DOCUMENTATION_COMMENTS = YES;
				CLANG_WARN_EMPTY_BODY = YES;
				CLANG_WARN_ENUM_CONVERSION = YES;
				CLANG_WARN_INFINITE_RECURSION = YES;
				CLANG_WARN_INT_CONVERSION = YES;
				CLANG_WARN_OBJC_ROOT_CLASS = YES_ERROR;
				CLANG_WARN_SUSPICIOUS_MOVE = YES;
				CLANG_WARN_UNREACHABLE_CODE = YES;
				CLANG_WARN__DUPLICATE_METHOD_MATCH = YES;
				"CODE_SIGN_IDENTITY[sdk=iphoneos*]" = "iPhone Developer";
				COPY_PHASE_STRIP = NO;
				DEBUG_INFORMATION_FORMAT = dwarf;
				ENABLE_STRICT_OBJC_MSGSEND = YES;
				ENABLE_TESTABILITY = YES;
				GCC_C_LANGUAGE_STANDARD = gnu99;
				GCC_DYNAMIC_NO_PIC = NO;
				GCC_NO_COMMON_BLOCKS = YES;
				GCC_OPTIMIZATION_LEVEL = 0;
				GCC_PREPROCESSOR_DEFINITIONS = (
					"DEBUG=1",
					"$(inherited)",
				);
				GCC_WARN_64_TO_32_BIT_CONVERSION = YES;
				GCC_WARN_ABOUT_RETURN_TYPE = YES_ERROR;
				GCC_WARN_UNDECLARED_SELECTOR = YES;
				GCC_WARN_UNINITIALIZED_AUTOS = YES_AGGRESSIVE;
				GCC_WARN_UNUSED_FUNCTION = YES;
				GCC_WARN_UNUSED_VARIABLE = YES;
				IPHONEOS_DEPLOYMENT_TARGET = 10.3;
				MTL_ENABLE_DEBUG_INFO = YES;
				ONLY_ACTIVE_ARCH = YES;
				SDKROOT = iphoneos;
				SWIFT_ACTIVE_COMPILATION_CONDITIONS = DEBUG;
				SWIFT_OPTIMIZATION_LEVEL = "-Onone";
				TARGETED_DEVICE_FAMILY = "1,2";
			};
			name = Debug;
		};
		4F0692041EDD519D00954AED /* Release */ = {
			isa = XCBuildConfiguration;
			buildSettings = {
				ALWAYS_SEARCH_USER_PATHS = NO;
				CLANG_ANALYZER_NONNULL = YES;
				CLANG_ANALYZER_NUMBER_OBJECT_CONVERSION = YES_AGGRESSIVE;
				CLANG_CXX_LANGUAGE_STANDARD = "gnu++0x";
				CLANG_CXX_LIBRARY = "libc++";
				CLANG_ENABLE_MODULES = YES;
				CLANG_ENABLE_OBJC_ARC = YES;
				CLANG_WARN_BOOL_CONVERSION = YES;
				CLANG_WARN_CONSTANT_CONVERSION = YES;
				CLANG_WARN_DIRECT_OBJC_ISA_USAGE = YES_ERROR;
				CLANG_WARN_DOCUMENTATION_COMMENTS = YES;
				CLANG_WARN_EMPTY_BODY = YES;
				CLANG_WARN_ENUM_CONVERSION = YES;
				CLANG_WARN_INFINITE_RECURSION = YES;
				CLANG_WARN_INT_CONVERSION = YES;
				CLANG_WARN_OBJC_ROOT_CLASS = YES_ERROR;
				CLANG_WARN_SUSPICIOUS_MOVE = YES;
				CLANG_WARN_UNREACHABLE_CODE = YES;
				CLANG_WARN__DUPLICATE_METHOD_MATCH = YES;
				"CODE_SIGN_IDENTITY[sdk=iphoneos*]" = "iPhone Developer";
				COPY_PHASE_STRIP = NO;
				DEBUG_INFORMATION_FORMAT = "dwarf-with-dsym";
				ENABLE_NS_ASSERTIONS = NO;
				ENABLE_STRICT_OBJC_MSGSEND = YES;
				GCC_C_LANGUAGE_STANDARD = gnu99;
				GCC_NO_COMMON_BLOCKS = YES;
				GCC_WARN_64_TO_32_BIT_CONVERSION = YES;
				GCC_WARN_ABOUT_RETURN_TYPE = YES_ERROR;
				GCC_WARN_UNDECLARED_SELECTOR = YES;
				GCC_WARN_UNINITIALIZED_AUTOS = YES_AGGRESSIVE;
				GCC_WARN_UNUSED_FUNCTION = YES;
				GCC_WARN_UNUSED_VARIABLE = YES;
				IPHONEOS_DEPLOYMENT_TARGET = 10.3;
				MTL_ENABLE_DEBUG_INFO = NO;
				SDKROOT = iphoneos;
				SWIFT_OPTIMIZATION_LEVEL = "-Owholemodule";
				TARGETED_DEVICE_FAMILY = "1,2";
				VALIDATE_PRODUCT = YES;
			};
			name = Release;
		};
		4F0692061EDD519D00954AED /* Debug */ = {
			isa = XCBuildConfiguration;
			buildSettings = {
				ASSETCATALOG_COMPILER_APPICON_NAME = AppIcon;
				DEVELOPMENT_TEAM = 97K67M84B8;
				INFOPLIST_FILE = FoodTracker/Info.plist;
				LD_RUNPATH_SEARCH_PATHS = "$(inherited) @executable_path/Frameworks";
				PRODUCT_BUNDLE_IDENTIFIER = jCodeFac.FoodTracker;
				PRODUCT_NAME = "$(TARGET_NAME)";
				SWIFT_VERSION = 3.0;
			};
			name = Debug;
		};
		4F0692071EDD519D00954AED /* Release */ = {
			isa = XCBuildConfiguration;
			buildSettings = {
				ASSETCATALOG_COMPILER_APPICON_NAME = AppIcon;
				DEVELOPMENT_TEAM = 97K67M84B8;
				INFOPLIST_FILE = FoodTracker/Info.plist;
				LD_RUNPATH_SEARCH_PATHS = "$(inherited) @executable_path/Frameworks";
				PRODUCT_BUNDLE_IDENTIFIER = jCodeFac.FoodTracker;
				PRODUCT_NAME = "$(TARGET_NAME)";
				SWIFT_VERSION = 3.0;
			};
			name = Release;
		};
		4F0692091EDD519D00954AED /* Debug */ = {
			isa = XCBuildConfiguration;
			buildSettings = {
				ALWAYS_EMBED_SWIFT_STANDARD_LIBRARIES = YES;
				BUNDLE_LOADER = "$(TEST_HOST)";
				DEVELOPMENT_TEAM = 97K67M84B8;
				INFOPLIST_FILE = FoodTrackerTests/Info.plist;
				LD_RUNPATH_SEARCH_PATHS = "$(inherited) @executable_path/Frameworks @loader_path/Frameworks";
				PRODUCT_BUNDLE_IDENTIFIER = jCodeFac.FoodTrackerTests;
				PRODUCT_NAME = "$(TARGET_NAME)";
				SWIFT_VERSION = 3.0;
				TEST_HOST = "$(BUILT_PRODUCTS_DIR)/FoodTracker.app/FoodTracker";
			};
			name = Debug;
		};
		4F06920A1EDD519D00954AED /* Release */ = {
			isa = XCBuildConfiguration;
			buildSettings = {
				ALWAYS_EMBED_SWIFT_STANDARD_LIBRARIES = YES;
				BUNDLE_LOADER = "$(TEST_HOST)";
				DEVELOPMENT_TEAM = 97K67M84B8;
				INFOPLIST_FILE = FoodTrackerTests/Info.plist;
				LD_RUNPATH_SEARCH_PATHS = "$(inherited) @executable_path/Frameworks @loader_path/Frameworks";
				PRODUCT_BUNDLE_IDENTIFIER = jCodeFac.FoodTrackerTests;
				PRODUCT_NAME = "$(TARGET_NAME)";
				SWIFT_VERSION = 3.0;
				TEST_HOST = "$(BUILT_PRODUCTS_DIR)/FoodTracker.app/FoodTracker";
			};
			name = Release;
		};
/* End XCBuildConfiguration section */

/* Begin XCConfigurationList section */
		4F0691E31EDD519D00954AED /* Build configuration list for PBXProject "FoodTracker" */ = {
			isa = XCConfigurationList;
			buildConfigurations = (
				4F0692031EDD519D00954AED /* Debug */,
				4F0692041EDD519D00954AED /* Release */,
			);
			defaultConfigurationIsVisible = 0;
			defaultConfigurationName = Release;
		};
		4F0692051EDD519D00954AED /* Build configuration list for PBXNativeTarget "FoodTracker" */ = {
			isa = XCConfigurationList;
			buildConfigurations = (
				4F0692061EDD519D00954AED /* Debug */,
				4F0692071EDD519D00954AED /* Release */,
			);
			defaultConfigurationIsVisible = 0;
			defaultConfigurationName = Release;
		};
		4F0692081EDD519D00954AED /* Build configuration list for PBXNativeTarget "FoodTrackerTests" */ = {
			isa = XCConfigurationList;
			buildConfigurations = (
				4F0692091EDD519D00954AED /* Debug */,
				4F06920A1EDD519D00954AED /* Release */,
			);
			defaultConfigurationIsVisible = 0;
			defaultConfigurationName = Release;
		};
/* End XCConfigurationList section */
	};
	rootObject = 4F0691E01EDD519D00954AED /* Project object */;
}
